
Microsoft Visual Studio Solution File, Format Version 12.00
# Visual Studio 15
VisualStudioVersion = 15.0.28307.1267
MinimumVisualStudioVersion = 10.0.40219.1
Project("{8BC9CEB8-8B4A-11D0-8D11-00A0C91BC942}") = "conversion-cm-in-cpp", "conversion-cm-in-cpp\conversion-cm-in-cpp.vcxproj", "{6236026B-5F59-461D-8D98-4810D1C1A478}"
EndProject
Global
	GlobalSection(SolutionConfigurationPlatforms) = preSolution
		Debug|x64 = Debug|x64
		Debug|x86 = Debug|x86
		Release|x64 = Release|x64
		Release|x86 = Release|x86
	EndGlobalSection
	GlobalSection(ProjectConfigurationPlatforms) = postSolution
		{6236026B-5F59-461D-8D98-4810D1C1A478}.Debug|x64.ActiveCfg = Debug|x64
		{6236026B-5F59-461D-8D98-4810D1C1A478}.Debug|x64.Build.0 = Debug|x64
		{6236026B-5F59-461D-8D98-4810D1C1A478}.Debug|x86.ActiveCfg = Debug|Win32
		{6236026B-5F59-461D-8D98-4810D1C1A478}.Debug|x86.Build.0 = Debug|Win32
		{6236026B-5F59-461D-8D98-4810D1C1A478}.Release|x64.ActiveCfg = Release|x64
		{6236026B-5F59-461D-8D98-4810D1C1A478}.Release|x64.Build.0 = Release|x64
		{6236026B-5F59-461D-8D98-4810D1C1A478}.Release|x86.ActiveCfg = Release|Win32
		{6236026B-5F59-461D-8D98-4810D1C1A478}.Release|x86.Build.0 = Release|Win32
	EndGlobalSection
	GlobalSection(SolutionProperties) = preSolution
		HideSolutionNode = FALSE
	EndGlobalSection
	GlobalSection(ExtensibilityGlobals) = postSolution
		SolutionGuid = {2075E8C3-73D3-4899-9E42-AD0AB5669897}
	EndGlobalSection
EndGlobal
